// !$*UTF8*$!
{
	archiveVersion = 1;
	classes = {
	};
	objectVersion = 46;
	objects = {

/* Begin PBXBuildFile section */
		7395B4A115E54E51000737D1 /* UIKit.framework in Frameworks */ = {isa = PBXBuildFile; fileRef = 7395B4A015E54E51000737D1 /* UIKit.framework */; };
		7395B4A315E54E51000737D1 /* Foundation.framework in Frameworks */ = {isa = PBXBuildFile; fileRef = 7395B4A215E54E51000737D1 /* Foundation.framework */; };
		7395B4A515E54E51000737D1 /* CoreGraphics.framework in Frameworks */ = {isa = PBXBuildFile; fileRef = 7395B4A415E54E51000737D1 /* CoreGraphics.framework */; };
		7395B4AB15E54E51000737D1 /* InfoPlist.strings in Resources */ = {isa = PBXBuildFile; fileRef = 7395B4A915E54E51000737D1 /* InfoPlist.strings */; };
		7395B4AD15E54E51000737D1 /* main.m in Sources */ = {isa = PBXBuildFile; fileRef = 7395B4AC15E54E51000737D1 /* main.m */; };
		7395B4B115E54E51000737D1 /* SCAppDelegate.m in Sources */ = {isa = PBXBuildFile; fileRef = 7395B4B015E54E51000737D1 /* SCAppDelegate.m */; };
		7395B4B415E54E51000737D1 /* SCViewController.m in Sources */ = {isa = PBXBuildFile; fileRef = 7395B4B315E54E51000737D1 /* SCViewController.m */; };
		7395B4B715E54E51000737D1 /* SCViewController.xib in Resources */ = {isa = PBXBuildFile; fileRef = 7395B4B515E54E51000737D1 /* SCViewController.xib */; };
		7395B4BE15E54EE6000737D1 /* ourPlist.plist in Resources */ = {isa = PBXBuildFile; fileRef = 7395B4BD15E54EE6000737D1 /* ourPlist.plist */; };
		7395B4C115E55260000737D1 /* SCMyClass.m in Sources */ = {isa = PBXBuildFile; fileRef = 7395B4C015E55260000737D1 /* SCMyClass.m */; };
/* End PBXBuildFile section */

/* Begin PBXFileReference section */
		7395B49C15E54E51000737D1 /* FileSample.app */ = {isa = PBXFileReference; explicitFileType = wrapper.application; includeInIndex = 0; path = FileSample.app; sourceTree = BUILT_PRODUCTS_DIR; };
		7395B4A015E54E51000737D1 /* UIKit.framework */ = {isa = PBXFileReference; lastKnownFileType = wrapper.framework; name = UIKit.framework; path = System/Library/Frameworks/UIKit.framework; sourceTree = SDKROOT; };
		7395B4A215E54E51000737D1 /* Foundation.framework */ = {isa = PBXFileReference; lastKnownFileType = wrapper.framework; name = Foundation.framework; path = System/Library/Frameworks/Foundation.framework; sourceTree = SDKROOT; };
		7395B4A415E54E51000737D1 /* CoreGraphics.framework */ = {isa = PBXFileReference; lastKnownFileType = wrapper.framework; name = CoreGraphics.framework; path = System/Library/Frameworks/CoreGraphics.framework; sourceTree = SDKROOT; };
		7395B4A815E54E51000737D1 /* FileSample-Info.plist */ = {isa = PBXFileReference; lastKnownFileType = text.plist.xml; path = "FileSample-Info.plist"; sourceTree = "<group>"; };
		7395B4AA15E54E51000737D1 /* en */ = {isa = PBXFileReference; lastKnownFileType = text.plist.strings; name = en; path = en.lproj/InfoPlist.strings; sourceTree = "<group>"; };
		7395B4AC15E54E51000737D1 /* main.m */ = {isa = PBXFileReference; lastKnownFileType = sourcecode.c.objc; path = main.m; sourceTree = "<group>"; };
		7395B4AE15E54E51000737D1 /* FileSample-Prefix.pch */ = {isa = PBXFileReference; lastKnownFileType = sourcecode.c.h; path = "FileSample-Prefix.pch"; sourceTree = "<group>"; };
		7395B4AF15E54E51000737D1 /* SCAppDelegate.h */ = {isa = PBXFileReference; lastKnownFileType = sourcecode.c.h; path = SCAppDelegate.h; sourceTree = "<group>"; };
		7395B4B015E54E51000737D1 /* SCAppDelegate.m */ = {isa = PBXFileReference; lastKnownFileType = sourcecode.c.objc; path = SCAppDelegate.m; sourceTree = "<group>"; };
		7395B4B215E54E51000737D1 /* SCViewController.h */ = {isa = PBXFileReference; lastKnownFileType = sourcecode.c.h; path = SCViewController.h; sourceTree = "<group>"; };
		7395B4B315E54E51000737D1 /* SCViewController.m */ = {isa = PBXFileReference; lastKnownFileType = sourcecode.c.objc; path = SCViewController.m; sourceTree = "<group>"; };
		7395B4B615E54E51000737D1 /* en */ = {isa = PBXFileReference; lastKnownFileType = file.xib; name = en; path = en.lproj/SCViewController.xib; sourceTree = "<group>"; };
		7395B4BD15E54EE6000737D1 /* ourPlist.plist */ = {isa = PBXFileReference; fileEncoding = 4; lastKnownFileType = text.plist.xml; path = ourPlist.plist; sourceTree = "<group>"; };
		7395B4BF15E55260000737D1 /* SCMyClass.h */ = {isa = PBXFileReference; fileEncoding = 4; lastKnownFileType = sourcecode.c.h; path = SCMyClass.h; sourceTree = "<group>"; };
		7395B4C015E55260000737D1 /* SCMyClass.m */ = {isa = PBXFileReference; fileEncoding = 4; lastKnownFileType = sourcecode.c.objc; path = SCMyClass.m; sourceTree = "<group>"; };
/* End PBXFileReference section */

/* Begin PBXFrameworksBuildPhase section */
		7395B49915E54E51000737D1 /* Frameworks */ = {
			isa = PBXFrameworksBuildPhase;
			buildActionMask = 2147483647;
			files = (
				7395B4A115E54E51000737D1 /* UIKit.framework in Frameworks */,
				7395B4A315E54E51000737D1 /* Foundation.framework in Frameworks */,
				7395B4A515E54E51000737D1 /* CoreGraphics.framework in Frameworks */,
			);
			runOnlyForDeploymentPostprocessing = 0;
		};
/* End PBXFrameworksBuildPhase section */

/* Begin PBXGroup section */
		7395B49115E54E51000737D1 = {
			isa = PBXGroup;
			children = (
				7395B4A615E54E51000737D1 /* FileSample */,
				7395B49F15E54E51000737D1 /* Frameworks */,
				7395B49D15E54E51000737D1 /* Products */,
			);
			sourceTree = "<group>";
		};
		7395B49D15E54E51000737D1 /* Products */ = {
			isa = PBXGroup;
			children = (
				7395B49C15E54E51000737D1 /* FileSample.app */,
			);
			name = Products;
			sourceTree = "<group>";
		};
		7395B49F15E54E51000737D1 /* Frameworks */ = {
			isa = PBXGroup;
			children = (
				7395B4A015E54E51000737D1 /* UIKit.framework */,
				7395B4A215E54E51000737D1 /* Foundation.framework */,
				7395B4A415E54E51000737D1 /* CoreGraphics.framework */,
			);
			name = Frameworks;
			sourceTree = "<group>";
		};
		7395B4A615E54E51000737D1 /* FileSample */ = {
			isa = PBXGroup;
			children = (
				7395B4AF15E54E51000737D1 /* SCAppDelegate.h */,
				7395B4B015E54E51000737D1 /* SCAppDelegate.m */,
				7395B4B215E54E51000737D1 /* SCViewController.h */,
				7395B4B315E54E51000737D1 /* SCViewController.m */,
				7395B4B515E54E51000737D1 /* SCViewController.xib */,
				7395B4A715E54E51000737D1 /* Supporting Files */,
				7395B4BD15E54EE6000737D1 /* ourPlist.plist */,
				7395B4BF15E55260000737D1 /* SCMyClass.h */,
				7395B4C015E55260000737D1 /* SCMyClass.m */,
			);
			path = FileSample;
			sourceTree = "<group>";
		};
		7395B4A715E54E51000737D1 /* Supporting Files */ = {
			isa = PBXGroup;
			children = (
				7395B4A815E54E51000737D1 /* FileSample-Info.plist */,
				7395B4A915E54E51000737D1 /* InfoPlist.strings */,
				7395B4AC15E54E51000737D1 /* main.m */,
				7395B4AE15E54E51000737D1 /* FileSample-Prefix.pch */,
			);
			name = "Supporting Files";
			sourceTree = "<group>";
		};
/* End PBXGroup section */

/* Begin PBXNativeTarget section */
		7395B49B15E54E51000737D1 /* FileSample */ = {
			isa = PBXNativeTarget;
			buildConfigurationList = 7395B4BA15E54E51000737D1 /* Build configuration list for PBXNativeTarget "FileSample" */;
			buildPhases = (
				7395B49815E54E51000737D1 /* Sources */,
				7395B49915E54E51000737D1 /* Frameworks */,
				7395B49A15E54E51000737D1 /* Resources */,
			);
			buildRules = (
			);
			dependencies = (
			);
			name = FileSample;
			productName = FileSample;
			productReference = 7395B49C15E54E51000737D1 /* FileSample.app */;
			productType = "com.apple.product-type.application";
		};
/* End PBXNativeTarget section */

/* Begin PBXProject section */
		7395B49315E54E51000737D1 /* Project object */ = {
			isa = PBXProject;
			attributes = {
				CLASSPREFIX = SC;
				LastUpgradeCheck = 0440;
				ORGANIZATIONNAME = elegion;
			};
			buildConfigurationList = 7395B49615E54E51000737D1 /* Build configuration list for PBXProject "FileSample" */;
			compatibilityVersion = "Xcode 3.2";
			developmentRegion = English;
			hasScannedForEncodings = 0;
			knownRegions = (
				en,
			);
			mainGroup = 7395B49115E54E51000737D1;
			productRefGroup = 7395B49D15E54E51000737D1 /* Products */;
			projectDirPath = "";
			projectRoot = "";
			targets = (
				7395B49B15E54E51000737D1 /* FileSample */,
			);
		};
/* End PBXProject section */

/* Begin PBXResourcesBuildPhase section */
		7395B49A15E54E51000737D1 /* Resources */ = {
			isa = PBXResourcesBuildPhase;
			buildActionMask = 2147483647;
			files = (
				7395B4AB15E54E51000737D1 /* InfoPlist.strings in Resources */,
				7395B4B715E54E51000737D1 /* SCViewController.xib in Resources */,
				7395B4BE15E54EE6000737D1 /* ourPlist.plist in Resources */,
			);
			runOnlyForDeploymentPostprocessing = 0;
		};
/* End PBXResourcesBuildPhase section */

/* Begin PBXSourcesBuildPhase section */
		7395B49815E54E51000737D1 /* Sources */ = {
			isa = PBXSourcesBuildPhase;
			buildActionMask = 2147483647;
			files = (
				7395B4AD15E54E51000737D1 /* main.m in Sources */,
				7395B4B115E54E51000737D1 /* SCAppDelegate.m in Sources */,
				7395B4B415E54E51000737D1 /* SCViewController.m in Sources */,
				7395B4C115E55260000737D1 /* SCMyClass.m in Sources */,
			);
			runOnlyForDeploymentPostprocessing = 0;
		};
/* End PBXSourcesBuildPhase section */

/* Begin PBXVariantGroup section */
		7395B4A915E54E51000737D1 /* InfoPlist.strings */ = {
			isa = PBXVariantGroup;
			children = (
				7395B4AA15E54E51000737D1 /* en */,
			);
			name = InfoPlist.strings;
			sourceTree = "<group>";
		};
		7395B4B515E54E51000737D1 /* SCViewController.xib */ = {
			isa = PBXVariantGroup;
			children = (
				7395B4B615E54E51000737D1 /* en */,
			);
			name = SCViewController.xib;
			sourceTree = "<group>";
		};
/* End PBXVariantGroup section */

/* Begin XCBuildConfiguration section */
		7395B4B815E54E51000737D1 /* Debug */ = {
			isa = XCBuildConfiguration;
			buildSettings = {
				ALWAYS_SEARCH_USER_PATHS = NO;
				ARCHS = "$(ARCHS_STANDARD_32_BIT)";
				CLANG_CXX_LANGUAGE_STANDARD = "gnu++0x";
				CLANG_ENABLE_OBJC_ARC = YES;
				CLANG_WARN__DUPLICATE_METHOD_MATCH = YES;
				"CODE_SIGN_IDENTITY[sdk=iphoneos*]" = "iPhone Developer";
				COPY_PHASE_STRIP = NO;
				GCC_C_LANGUAGE_STANDARD = gnu99;
				GCC_DYNAMIC_NO_PIC = NO;
				GCC_OPTIMIZATION_LEVEL = 0;
				GCC_PREPROCESSOR_DEFINITIONS = (
					"DEBUG=1",
					"$(inherited)",
				);
				GCC_SYMBOLS_PRIVATE_EXTERN = NO;
				GCC_VERSION = com.apple.compilers.llvm.clang.1_0;
				GCC_WARN_ABOUT_RETURN_TYPE = YES;
				GCC_WARN_UNINITIALIZED_AUTOS = YES;
				GCC_WARN_UNUSED_VARIABLE = YES;
				IPHONEOS_DEPLOYMENT_TARGET = 5.1;
				SDKROOT = iphoneos;
			};
			name = Debug;
		};
		7395B4B915E54E51000737D1 /* Release */ = {
			isa = XCBuildConfiguration;
			buildSettings = {
				ALWAYS_SEARCH_USER_PATHS = NO;
				ARCHS = "$(ARCHS_STANDARD_32_BIT)";
				CLANG_CXX_LANGUAGE_STANDARD = "gnu++0x";
				CLANG_ENABLE_OBJC_ARC = YES;
				CLANG_WARN__DUPLICATE_METHOD_MATCH = YES;
				"CODE_SIGN_IDENTITY[sdk=iphoneos*]" = "iPhone Developer";
				COPY_PHASE_STRIP = YES;
				GCC_C_LANGUAGE_STANDARD = gnu99;
				GCC_VERSION = com.apple.compilers.llvm.clang.1_0;
				GCC_WARN_ABOUT_RETURN_TYPE = YES;
				GCC_WARN_UNINITIALIZED_AUTOS = YES;
				GCC_WARN_UNUSED_VARIABLE = YES;
				IPHONEOS_DEPLOYMENT_TARGET = 5.1;
				OTHER_CFLAGS = "-DNS_BLOCK_ASSERTIONS=1";
				SDKROOT = iphoneos;
				VALIDATE_PRODUCT = YES;
			};
			name = Release;
		};
		7395B4BB15E54E51000737D1 /* Debug */ = {
			isa = XCBuildConfiguration;
			buildSettings = {
				GCC_PRECOMPILE_PREFIX_HEADER = YES;
				GCC_PREFIX_HEADER = "FileSample/FileSample-Prefix.pch";
				INFOPLIST_FILE = "FileSample/FileSample-Info.plist";
				PRODUCT_NAME = "$(TARGET_NAME)";
				WRAPPER_EXTENSION = app;
			};
			name = Debug;
		};
		7395B4BC15E54E51000737D1 /* Release */ = {
			isa = XCBuildConfiguration;
			buildSettings = {
				GCC_PRECOMPILE_PREFIX_HEADER = YES;
				GCC_PREFIX_HEADER = "FileSample/FileSample-Prefix.pch";
				INFOPLIST_FILE = "FileSample/FileSample-Info.plist";
				PRODUCT_NAME = "$(TARGET_NAME)";
				WRAPPER_EXTENSION = app;
			};
			name = Release;
		};
/* End XCBuildConfiguration section */

/* Begin XCConfigurationList section */
		7395B49615E54E51000737D1 /* Build configuration list for PBXProject "FileSample" */ = {
			isa = XCConfigurationList;
			buildConfigurations = (
				7395B4B815E54E51000737D1 /* Debug */,
				7395B4B915E54E51000737D1 /* Release */,
			);
			defaultConfigurationIsVisible = 0;
			defaultConfigurationName = Release;
		};
		7395B4BA15E54E51000737D1 /* Build configuration list for PBXNativeTarget "FileSample" */ = {
			isa = XCConfigurationList;
			buildConfigurations = (
				7395B4BB15E54E51000737D1 /* Debug */,
				7395B4BC15E54E51000737D1 /* Release */,
			);
			defaultConfigurationIsVisible = 0;
		};
/* End XCConfigurationList section */
	};
	rootObject = 7395B49315E54E51000737D1 /* Project object */;
}
