// !$*UTF8*$!
{
	archiveVersion = 1;
	classes = {
	};
	objectVersion = 46;
	objects = {

/* Begin PBXBuildFile section */
		386E70E715E53AA5004EC58D /* UIKit.framework in Frameworks */ = {isa = PBXBuildFile; fileRef = 386E70E615E53AA5004EC58D /* UIKit.framework */; };
		386E70E915E53AA5004EC58D /* Foundation.framework in Frameworks */ = {isa = PBXBuildFile; fileRef = 386E70E815E53AA5004EC58D /* Foundation.framework */; };
		386E70EB15E53AA5004EC58D /* CoreGraphics.framework in Frameworks */ = {isa = PBXBuildFile; fileRef = 386E70EA15E53AA5004EC58D /* CoreGraphics.framework */; };
		386E70F115E53AA5004EC58D /* InfoPlist.strings in Resources */ = {isa = PBXBuildFile; fileRef = 386E70EF15E53AA5004EC58D /* InfoPlist.strings */; };
		386E70F315E53AA5004EC58D /* main.m in Sources */ = {isa = PBXBuildFile; fileRef = 386E70F215E53AA5004EC58D /* main.m */; };
		386E70F715E53AA5004EC58D /* AppDelegate.m in Sources */ = {isa = PBXBuildFile; fileRef = 386E70F615E53AA5004EC58D /* AppDelegate.m */; };
		386E70FA15E53AA5004EC58D /* ViewController.m in Sources */ = {isa = PBXBuildFile; fileRef = 386E70F915E53AA5004EC58D /* ViewController.m */; };
		386E70FD15E53AA5004EC58D /* ViewController.xib in Resources */ = {isa = PBXBuildFile; fileRef = 386E70FB15E53AA5004EC58D /* ViewController.xib */; };
/* End PBXBuildFile section */

/* Begin PBXFileReference section */
		386E70E215E53AA5004EC58D /* URLDownloadSample.app */ = {isa = PBXFileReference; explicitFileType = wrapper.application; includeInIndex = 0; path = URLDownloadSample.app; sourceTree = BUILT_PRODUCTS_DIR; };
		386E70E615E53AA5004EC58D /* UIKit.framework */ = {isa = PBXFileReference; lastKnownFileType = wrapper.framework; name = UIKit.framework; path = System/Library/Frameworks/UIKit.framework; sourceTree = SDKROOT; };
		386E70E815E53AA5004EC58D /* Foundation.framework */ = {isa = PBXFileReference; lastKnownFileType = wrapper.framework; name = Foundation.framework; path = System/Library/Frameworks/Foundation.framework; sourceTree = SDKROOT; };
		386E70EA15E53AA5004EC58D /* CoreGraphics.framework */ = {isa = PBXFileReference; lastKnownFileType = wrapper.framework; name = CoreGraphics.framework; path = System/Library/Frameworks/CoreGraphics.framework; sourceTree = SDKROOT; };
		386E70EE15E53AA5004EC58D /* URLDownloadSample-Info.plist */ = {isa = PBXFileReference; lastKnownFileType = text.plist.xml; path = "URLDownloadSample-Info.plist"; sourceTree = "<group>"; };
		386E70F015E53AA5004EC58D /* en */ = {isa = PBXFileReference; lastKnownFileType = text.plist.strings; name = en; path = en.lproj/InfoPlist.strings; sourceTree = "<group>"; };
		386E70F215E53AA5004EC58D /* main.m */ = {isa = PBXFileReference; lastKnownFileType = sourcecode.c.objc; path = main.m; sourceTree = "<group>"; };
		386E70F415E53AA5004EC58D /* URLDownloadSample-Prefix.pch */ = {isa = PBXFileReference; lastKnownFileType = sourcecode.c.h; path = "URLDownloadSample-Prefix.pch"; sourceTree = "<group>"; };
		386E70F515E53AA5004EC58D /* AppDelegate.h */ = {isa = PBXFileReference; lastKnownFileType = sourcecode.c.h; path = AppDelegate.h; sourceTree = "<group>"; };
		386E70F615E53AA5004EC58D /* AppDelegate.m */ = {isa = PBXFileReference; lastKnownFileType = sourcecode.c.objc; path = AppDelegate.m; sourceTree = "<group>"; };
		386E70F815E53AA5004EC58D /* ViewController.h */ = {isa = PBXFileReference; lastKnownFileType = sourcecode.c.h; path = ViewController.h; sourceTree = "<group>"; };
		386E70F915E53AA5004EC58D /* ViewController.m */ = {isa = PBXFileReference; lastKnownFileType = sourcecode.c.objc; path = ViewController.m; sourceTree = "<group>"; };
		386E70FC15E53AA5004EC58D /* en */ = {isa = PBXFileReference; lastKnownFileType = file.xib; name = en; path = en.lproj/ViewController.xib; sourceTree = "<group>"; };
/* End PBXFileReference section */

/* Begin PBXFrameworksBuildPhase section */
		386E70DF15E53AA5004EC58D /* Frameworks */ = {
			isa = PBXFrameworksBuildPhase;
			buildActionMask = 2147483647;
			files = (
				386E70E715E53AA5004EC58D /* UIKit.framework in Frameworks */,
				386E70E915E53AA5004EC58D /* Foundation.framework in Frameworks */,
				386E70EB15E53AA5004EC58D /* CoreGraphics.framework in Frameworks */,
			);
			runOnlyForDeploymentPostprocessing = 0;
		};
/* End PBXFrameworksBuildPhase section */

/* Begin PBXGroup section */
		386E70D715E53AA5004EC58D = {
			isa = PBXGroup;
			children = (
				386E70EC15E53AA5004EC58D /* URLDownloadSample */,
				386E70E515E53AA5004EC58D /* Frameworks */,
				386E70E315E53AA5004EC58D /* Products */,
			);
			sourceTree = "<group>";
		};
		386E70E315E53AA5004EC58D /* Products */ = {
			isa = PBXGroup;
			children = (
				386E70E215E53AA5004EC58D /* URLDownloadSample.app */,
			);
			name = Products;
			sourceTree = "<group>";
		};
		386E70E515E53AA5004EC58D /* Frameworks */ = {
			isa = PBXGroup;
			children = (
				386E70E615E53AA5004EC58D /* UIKit.framework */,
				386E70E815E53AA5004EC58D /* Foundation.framework */,
				386E70EA15E53AA5004EC58D /* CoreGraphics.framework */,
			);
			name = Frameworks;
			sourceTree = "<group>";
		};
		386E70EC15E53AA5004EC58D /* URLDownloadSample */ = {
			isa = PBXGroup;
			children = (
				386E70F515E53AA5004EC58D /* AppDelegate.h */,
				386E70F615E53AA5004EC58D /* AppDelegate.m */,
				386E70F815E53AA5004EC58D /* ViewController.h */,
				386E70F915E53AA5004EC58D /* ViewController.m */,
				386E70FB15E53AA5004EC58D /* ViewController.xib */,
				386E70ED15E53AA5004EC58D /* Supporting Files */,
			);
			path = URLDownloadSample;
			sourceTree = "<group>";
		};
		386E70ED15E53AA5004EC58D /* Supporting Files */ = {
			isa = PBXGroup;
			children = (
				386E70EE15E53AA5004EC58D /* URLDownloadSample-Info.plist */,
				386E70EF15E53AA5004EC58D /* InfoPlist.strings */,
				386E70F215E53AA5004EC58D /* main.m */,
				386E70F415E53AA5004EC58D /* URLDownloadSample-Prefix.pch */,
			);
			name = "Supporting Files";
			sourceTree = "<group>";
		};
/* End PBXGroup section */

/* Begin PBXNativeTarget section */
		386E70E115E53AA5004EC58D /* URLDownloadSample */ = {
			isa = PBXNativeTarget;
			buildConfigurationList = 386E710015E53AA5004EC58D /* Build configuration list for PBXNativeTarget "URLDownloadSample" */;
			buildPhases = (
				386E70DE15E53AA5004EC58D /* Sources */,
				386E70DF15E53AA5004EC58D /* Frameworks */,
				386E70E015E53AA5004EC58D /* Resources */,
			);
			buildRules = (
			);
			dependencies = (
			);
			name = URLDownloadSample;
			productName = URLDownloadSample;
			productReference = 386E70E215E53AA5004EC58D /* URLDownloadSample.app */;
			productType = "com.apple.product-type.application";
		};
/* End PBXNativeTarget section */

/* Begin PBXProject section */
		386E70D915E53AA5004EC58D /* Project object */ = {
			isa = PBXProject;
			attributes = {
				LastUpgradeCheck = 0440;
				ORGANIZATIONNAME = "Дмитрий Мельников";
			};
			buildConfigurationList = 386E70DC15E53AA5004EC58D /* Build configuration list for PBXProject "URLDownloadSample" */;
			compatibilityVersion = "Xcode 3.2";
			developmentRegion = English;
			hasScannedForEncodings = 0;
			knownRegions = (
				en,
			);
			mainGroup = 386E70D715E53AA5004EC58D;
			productRefGroup = 386E70E315E53AA5004EC58D /* Products */;
			projectDirPath = "";
			projectRoot = "";
			targets = (
				386E70E115E53AA5004EC58D /* URLDownloadSample */,
			);
		};
/* End PBXProject section */

/* Begin PBXResourcesBuildPhase section */
		386E70E015E53AA5004EC58D /* Resources */ = {
			isa = PBXResourcesBuildPhase;
			buildActionMask = 2147483647;
			files = (
				386E70F115E53AA5004EC58D /* InfoPlist.strings in Resources */,
				386E70FD15E53AA5004EC58D /* ViewController.xib in Resources */,
			);
			runOnlyForDeploymentPostprocessing = 0;
		};
/* End PBXResourcesBuildPhase section */

/* Begin PBXSourcesBuildPhase section */
		386E70DE15E53AA5004EC58D /* Sources */ = {
			isa = PBXSourcesBuildPhase;
			buildActionMask = 2147483647;
			files = (
				386E70F315E53AA5004EC58D /* main.m in Sources */,
				386E70F715E53AA5004EC58D /* AppDelegate.m in Sources */,
				386E70FA15E53AA5004EC58D /* ViewController.m in Sources */,
			);
			runOnlyForDeploymentPostprocessing = 0;
		};
/* End PBXSourcesBuildPhase section */

/* Begin PBXVariantGroup section */
		386E70EF15E53AA5004EC58D /* InfoPlist.strings */ = {
			isa = PBXVariantGroup;
			children = (
				386E70F015E53AA5004EC58D /* en */,
			);
			name = InfoPlist.strings;
			sourceTree = "<group>";
		};
		386E70FB15E53AA5004EC58D /* ViewController.xib */ = {
			isa = PBXVariantGroup;
			children = (
				386E70FC15E53AA5004EC58D /* en */,
			);
			name = ViewController.xib;
			sourceTree = "<group>";
		};
/* End PBXVariantGroup section */

/* Begin XCBuildConfiguration section */
		386E70FE15E53AA5004EC58D /* Debug */ = {
			isa = XCBuildConfiguration;
			buildSettings = {
				ALWAYS_SEARCH_USER_PATHS = NO;
				ARCHS = "$(ARCHS_STANDARD_32_BIT)";
				CLANG_CXX_LANGUAGE_STANDARD = "gnu++0x";
				CLANG_ENABLE_OBJC_ARC = YES;
				CLANG_WARN__DUPLICATE_METHOD_MATCH = YES;
				"CODE_SIGN_IDENTITY[sdk=iphoneos*]" = "iPhone Developer";
				COPY_PHASE_STRIP = NO;
				GCC_C_LANGUAGE_STANDARD = gnu99;
				GCC_DYNAMIC_NO_PIC = NO;
				GCC_OPTIMIZATION_LEVEL = 0;
				GCC_PREPROCESSOR_DEFINITIONS = (
					"DEBUG=1",
					"$(inherited)",
				);
				GCC_SYMBOLS_PRIVATE_EXTERN = NO;
				GCC_VERSION = com.apple.compilers.llvm.clang.1_0;
				GCC_WARN_ABOUT_RETURN_TYPE = YES;
				GCC_WARN_UNINITIALIZED_AUTOS = YES;
				GCC_WARN_UNUSED_VARIABLE = YES;
				IPHONEOS_DEPLOYMENT_TARGET = 5.1;
				SDKROOT = iphoneos;
			};
			name = Debug;
		};
		386E70FF15E53AA5004EC58D /* Release */ = {
			isa = XCBuildConfiguration;
			buildSettings = {
				ALWAYS_SEARCH_USER_PATHS = NO;
				ARCHS = "$(ARCHS_STANDARD_32_BIT)";
				CLANG_CXX_LANGUAGE_STANDARD = "gnu++0x";
				CLANG_ENABLE_OBJC_ARC = YES;
				CLANG_WARN__DUPLICATE_METHOD_MATCH = YES;
				"CODE_SIGN_IDENTITY[sdk=iphoneos*]" = "iPhone Developer";
				COPY_PHASE_STRIP = YES;
				GCC_C_LANGUAGE_STANDARD = gnu99;
				GCC_VERSION = com.apple.compilers.llvm.clang.1_0;
				GCC_WARN_ABOUT_RETURN_TYPE = YES;
				GCC_WARN_UNINITIALIZED_AUTOS = YES;
				GCC_WARN_UNUSED_VARIABLE = YES;
				IPHONEOS_DEPLOYMENT_TARGET = 5.1;
				OTHER_CFLAGS = "-DNS_BLOCK_ASSERTIONS=1";
				SDKROOT = iphoneos;
				VALIDATE_PRODUCT = YES;
			};
			name = Release;
		};
		386E710115E53AA5004EC58D /* Debug */ = {
			isa = XCBuildConfiguration;
			buildSettings = {
				GCC_PRECOMPILE_PREFIX_HEADER = YES;
				GCC_PREFIX_HEADER = "URLDownloadSample/URLDownloadSample-Prefix.pch";
				INFOPLIST_FILE = "URLDownloadSample/URLDownloadSample-Info.plist";
				PRODUCT_NAME = "$(TARGET_NAME)";
				WRAPPER_EXTENSION = app;
			};
			name = Debug;
		};
		386E710215E53AA5004EC58D /* Release */ = {
			isa = XCBuildConfiguration;
			buildSettings = {
				GCC_PRECOMPILE_PREFIX_HEADER = YES;
				GCC_PREFIX_HEADER = "URLDownloadSample/URLDownloadSample-Prefix.pch";
				INFOPLIST_FILE = "URLDownloadSample/URLDownloadSample-Info.plist";
				PRODUCT_NAME = "$(TARGET_NAME)";
				WRAPPER_EXTENSION = app;
			};
			name = Release;
		};
/* End XCBuildConfiguration section */

/* Begin XCConfigurationList section */
		386E70DC15E53AA5004EC58D /* Build configuration list for PBXProject "URLDownloadSample" */ = {
			isa = XCConfigurationList;
			buildConfigurations = (
				386E70FE15E53AA5004EC58D /* Debug */,
				386E70FF15E53AA5004EC58D /* Release */,
			);
			defaultConfigurationIsVisible = 0;
			defaultConfigurationName = Release;
		};
		386E710015E53AA5004EC58D /* Build configuration list for PBXNativeTarget "URLDownloadSample" */ = {
			isa = XCConfigurationList;
			buildConfigurations = (
				386E710115E53AA5004EC58D /* Debug */,
				386E710215E53AA5004EC58D /* Release */,
			);
			defaultConfigurationIsVisible = 0;
		};
/* End XCConfigurationList section */
	};
	rootObject = 386E70D915E53AA5004EC58D /* Project object */;
}
